{
  "name": "when-moon",
  "requires": true,
  "lockfileVersion": 1,
  "dependencies": {
    "react-google-charts": {
      "version": "3.0.8",
      "resolved": "https://registry.npmjs.org/react-google-charts/-/react-google-charts-3.0.8.tgz",
      "integrity": "sha512-QSuJZKkDhw6aPu32A8ONvhPHH2TWKIJKYgs/TNhx4aKH1EeNznO4urYpZMQgHgU3706fLjMGzHUVWciDy7CIDw==",
      "requires": {
        "react-load-script": "0.0.6"
      }
    },
    "react-load-script": {
      "version": "0.0.6",
      "resolved": "https://registry.npmjs.org/react-load-script/-/react-load-script-0.0.6.tgz",
      "integrity": "sha512-aRGxDGP9VoLxcsaYvKWIW+LRrMOzz2eEcubTS4NvQPPugjk2VvMhow0wWTkSl7RxookomD1MwcP4l5UStg5ShQ=="
    }
  }
}
